
Microsoft Visual Studio Solution File, Format Version 12.00
# Visual Studio Version 16
VisualStudioVersion = 16.0.29709.97
MinimumVisualStudioVersion = 10.0.40219.1
Project("{FAE04EC0-301F-11D3-BF4B-00C04F79EFBC}") = "Generacion de Codigos V2", "Generacion de Codigos V2\Generacion de Codigos V2.csproj", "{9A651529-6E43-4C92-80D6-31F44D8E3747}"
EndProject
Global
	GlobalSection(SolutionConfigurationPlatforms) = preSolution
		Debug|Any CPU = Debug|Any CPU
		Release|Any CPU = Release|Any CPU
	EndGlobalSection
	GlobalSection(ProjectConfigurationPlatforms) = postSolution
		{9A651529-6E43-4C92-80D6-31F44D8E3747}.Debug|Any CPU.ActiveCfg = Debug|Any CPU
		{9A651529-6E43-4C92-80D6-31F44D8E3747}.Debug|Any CPU.Build.0 = Debug|Any CPU
		{9A651529-6E43-4C92-80D6-31F44D8E3747}.Release|Any CPU.ActiveCfg = Release|Any CPU
		{9A651529-6E43-4C92-80D6-31F44D8E3747}.Release|Any CPU.Build.0 = Release|Any CPU
	EndGlobalSection
	GlobalSection(SolutionProperties) = preSolution
		HideSolutionNode = FALSE
	EndGlobalSection
	GlobalSection(ExtensibilityGlobals) = postSolution
		SolutionGuid = {5EAFC24C-8E55-45CD-844E-1EC67ED4B383}
	EndGlobalSection
EndGlobal
